
Microsoft Visual Studio Solution File, Format Version 12.00
# Visual Studio Version 16
VisualStudioVersion = 16.0.28803.452
MinimumVisualStudioVersion = 10.0.40219.1
Project("{FAE04EC0-301F-11D3-BF4B-00C04F79EFBC}") = "Ejercicio 3 LR", "Ejercicio 3 LR\Ejercicio 3 LR.csproj", "{79A5E788-8654-42A9-BA34-9776EB586EF0}"
EndProject
Project("{FAE04EC0-301F-11D3-BF4B-00C04F79EFBC}") = "ecuaciones", "ecuaciones\ecuaciones.csproj", "{37810068-B9F7-4252-95B5-7DD5A6981E12}"
EndProject
Project("{FAE04EC0-301F-11D3-BF4B-00C04F79EFBC}") = "Clase", "Clase\Clase.csproj", "{D0E53CA4-9379-411B-9F5D-A76A5CC3075E}"
EndProject
Global
	GlobalSection(SolutionConfigurationPlatforms) = preSolution
		Debug|Any CPU = Debug|Any CPU
		Release|Any CPU = Release|Any CPU
	EndGlobalSection
	GlobalSection(ProjectConfigurationPlatforms) = postSolution
		{79A5E788-8654-42A9-BA34-9776EB586EF0}.Debug|Any CPU.ActiveCfg = Debug|Any CPU
		{79A5E788-8654-42A9-BA34-9776EB586EF0}.Debug|Any CPU.Build.0 = Debug|Any CPU
		{79A5E788-8654-42A9-BA34-9776EB586EF0}.Release|Any CPU.ActiveCfg = Release|Any CPU
		{79A5E788-8654-42A9-BA34-9776EB586EF0}.Release|Any CPU.Build.0 = Release|Any CPU
		{37810068-B9F7-4252-95B5-7DD5A6981E12}.Debug|Any CPU.ActiveCfg = Debug|Any CPU
		{37810068-B9F7-4252-95B5-7DD5A6981E12}.Debug|Any CPU.Build.0 = Debug|Any CPU
		{37810068-B9F7-4252-95B5-7DD5A6981E12}.Release|Any CPU.ActiveCfg = Release|Any CPU
		{37810068-B9F7-4252-95B5-7DD5A6981E12}.Release|Any CPU.Build.0 = Release|Any CPU
		{D0E53CA4-9379-411B-9F5D-A76A5CC3075E}.Debug|Any CPU.ActiveCfg = Debug|Any CPU
		{D0E53CA4-9379-411B-9F5D-A76A5CC3075E}.Debug|Any CPU.Build.0 = Debug|Any CPU
		{D0E53CA4-9379-411B-9F5D-A76A5CC3075E}.Release|Any CPU.ActiveCfg = Release|Any CPU
		{D0E53CA4-9379-411B-9F5D-A76A5CC3075E}.Release|Any CPU.Build.0 = Release|Any CPU
	EndGlobalSection
	GlobalSection(SolutionProperties) = preSolution
		HideSolutionNode = FALSE
	EndGlobalSection
	GlobalSection(ExtensibilityGlobals) = postSolution
		SolutionGuid = {C8DFE3ED-F375-480F-9A76-68D4CB567E61}
	EndGlobalSection
EndGlobal
